
Microsoft Visual Studio Solution File, Format Version 12.00
# Visual Studio 14
VisualStudioVersion = 14.0.25420.1
MinimumVisualStudioVersion = 10.0.40219.1
Project("{FAE04EC0-301F-11D3-BF4B-00C04F79EFBC}") = "MatlabAdapter-Android", "MatlabAdapter-Android\MatlabAdapter-Android.csproj", "{2F5B634A-7787-43AC-AD59-1F54C6FD701F}"
EndProject
Project("{FAE04EC0-301F-11D3-BF4B-00C04F79EFBC}") = "TestApplication", "TestApplication\TestApplication.csproj", "{5B8179B0-8242-4BAF-B89F-84FC24A1103A}"
EndProject
Project("{FAE04EC0-301F-11D3-BF4B-00C04F79EFBC}") = "App1", "App1\App1.csproj", "{EE2D8EEF-A371-4324-9618-3E5E5FB5B7AB}"
EndProject
Global
	GlobalSection(SolutionConfigurationPlatforms) = preSolution
		Debug|Any CPU = Debug|Any CPU
		Release|Any CPU = Release|Any CPU
	EndGlobalSection
	GlobalSection(ProjectConfigurationPlatforms) = postSolution
		{2F5B634A-7787-43AC-AD59-1F54C6FD701F}.Debug|Any CPU.ActiveCfg = Debug|Any CPU
		{2F5B634A-7787-43AC-AD59-1F54C6FD701F}.Debug|Any CPU.Build.0 = Debug|Any CPU
		{2F5B634A-7787-43AC-AD59-1F54C6FD701F}.Debug|Any CPU.Deploy.0 = Debug|Any CPU
		{2F5B634A-7787-43AC-AD59-1F54C6FD701F}.Release|Any CPU.ActiveCfg = Release|Any CPU
		{2F5B634A-7787-43AC-AD59-1F54C6FD701F}.Release|Any CPU.Build.0 = Release|Any CPU
		{2F5B634A-7787-43AC-AD59-1F54C6FD701F}.Release|Any CPU.Deploy.0 = Release|Any CPU
		{5B8179B0-8242-4BAF-B89F-84FC24A1103A}.Debug|Any CPU.ActiveCfg = Debug|Any CPU
		{5B8179B0-8242-4BAF-B89F-84FC24A1103A}.Release|Any CPU.ActiveCfg = Release|Any CPU
		{5B8179B0-8242-4BAF-B89F-84FC24A1103A}.Release|Any CPU.Build.0 = Release|Any CPU
		{EE2D8EEF-A371-4324-9618-3E5E5FB5B7AB}.Debug|Any CPU.ActiveCfg = Debug|Any CPU
		{EE2D8EEF-A371-4324-9618-3E5E5FB5B7AB}.Release|Any CPU.ActiveCfg = Release|Any CPU
		{EE2D8EEF-A371-4324-9618-3E5E5FB5B7AB}.Release|Any CPU.Build.0 = Release|Any CPU
		{EE2D8EEF-A371-4324-9618-3E5E5FB5B7AB}.Release|Any CPU.Deploy.0 = Release|Any CPU
	EndGlobalSection
	GlobalSection(SolutionProperties) = preSolution
		HideSolutionNode = FALSE
	EndGlobalSection
EndGlobal
